
Microsoft Visual Studio Solution File, Format Version 12.00
# Visual Studio 15
VisualStudioVersion = 15.0.27130.2036
MinimumVisualStudioVersion = 10.0.40219.1
Project("{FAE04EC0-301F-11D3-BF4B-00C04F79EFBC}") = "COM3D2.MaidFiddler.Core", "COM3D2.MaidFiddler.Plugin\COM3D2.MaidFiddler.Core.csproj", "{CFD04517-9577-4758-91DF-8E6F1A63F2E8}"
EndProject
Project("{FAE04EC0-301F-11D3-BF4B-00C04F79EFBC}") = "COM3D2.MaidFiddler.Patcher", "COM3D2.MaidFiddler.Patcher\COM3D2.MaidFiddler.Patcher.csproj", "{7C3C0E80-0200-4160-BCDD-9F1FF89F1378}"
EndProject
Project("{FAE04EC0-301F-11D3-BF4B-00C04F79EFBC}") = "COM3D2.MaidFiddler.GUI", "COM3D2.MaidFiddler.GUI\COM3D2.MaidFiddler.GUI.csproj", "{F9822FB1-E5C5-4697-A173-6F3868B4A06F}"
EndProject
Global
	GlobalSection(SolutionConfigurationPlatforms) = preSolution
		CodeAnalysis|Any CPU = CodeAnalysis|Any CPU
		Debug|Any CPU = Debug|Any CPU
		Instrument|Any CPU = Instrument|Any CPU
		Release|Any CPU = Release|Any CPU
	EndGlobalSection
	GlobalSection(ProjectConfigurationPlatforms) = postSolution
		{CFD04517-9577-4758-91DF-8E6F1A63F2E8}.CodeAnalysis|Any CPU.ActiveCfg = Release|Any CPU
		{CFD04517-9577-4758-91DF-8E6F1A63F2E8}.CodeAnalysis|Any CPU.Build.0 = Release|Any CPU
		{CFD04517-9577-4758-91DF-8E6F1A63F2E8}.Debug|Any CPU.ActiveCfg = Debug|Any CPU
		{CFD04517-9577-4758-91DF-8E6F1A63F2E8}.Debug|Any CPU.Build.0 = Debug|Any CPU
		{CFD04517-9577-4758-91DF-8E6F1A63F2E8}.Instrument|Any CPU.ActiveCfg = Release|Any CPU
		{CFD04517-9577-4758-91DF-8E6F1A63F2E8}.Instrument|Any CPU.Build.0 = Release|Any CPU
		{CFD04517-9577-4758-91DF-8E6F1A63F2E8}.Release|Any CPU.ActiveCfg = Release|Any CPU
		{CFD04517-9577-4758-91DF-8E6F1A63F2E8}.Release|Any CPU.Build.0 = Release|Any CPU
		{7C3C0E80-0200-4160-BCDD-9F1FF89F1378}.CodeAnalysis|Any CPU.ActiveCfg = Release|Any CPU
		{7C3C0E80-0200-4160-BCDD-9F1FF89F1378}.CodeAnalysis|Any CPU.Build.0 = Release|Any CPU
		{7C3C0E80-0200-4160-BCDD-9F1FF89F1378}.Debug|Any CPU.ActiveCfg = Debug|Any CPU
		{7C3C0E80-0200-4160-BCDD-9F1FF89F1378}.Debug|Any CPU.Build.0 = Debug|Any CPU
		{7C3C0E80-0200-4160-BCDD-9F1FF89F1378}.Instrument|Any CPU.ActiveCfg = Release|Any CPU
		{7C3C0E80-0200-4160-BCDD-9F1FF89F1378}.Instrument|Any CPU.Build.0 = Release|Any CPU
		{7C3C0E80-0200-4160-BCDD-9F1FF89F1378}.Release|Any CPU.ActiveCfg = Release|Any CPU
		{7C3C0E80-0200-4160-BCDD-9F1FF89F1378}.Release|Any CPU.Build.0 = Release|Any CPU
		{F9822FB1-E5C5-4697-A173-6F3868B4A06F}.CodeAnalysis|Any CPU.ActiveCfg = Release|Any CPU
		{F9822FB1-E5C5-4697-A173-6F3868B4A06F}.CodeAnalysis|Any CPU.Build.0 = Release|Any CPU
		{F9822FB1-E5C5-4697-A173-6F3868B4A06F}.Debug|Any CPU.ActiveCfg = Debug|Any CPU
		{F9822FB1-E5C5-4697-A173-6F3868B4A06F}.Debug|Any CPU.Build.0 = Debug|Any CPU
		{F9822FB1-E5C5-4697-A173-6F3868B4A06F}.Instrument|Any CPU.ActiveCfg = Release|Any CPU
		{F9822FB1-E5C5-4697-A173-6F3868B4A06F}.Instrument|Any CPU.Build.0 = Release|Any CPU
		{F9822FB1-E5C5-4697-A173-6F3868B4A06F}.Release|Any CPU.ActiveCfg = Release|Any CPU
		{F9822FB1-E5C5-4697-A173-6F3868B4A06F}.Release|Any CPU.Build.0 = Release|Any CPU
	EndGlobalSection
	GlobalSection(SolutionProperties) = preSolution
		HideSolutionNode = FALSE
	EndGlobalSection
	GlobalSection(ExtensibilityGlobals) = postSolution
		SolutionGuid = {FDDDB7AF-1538-41AA-AF50-691E4A187F76}
	EndGlobalSection
EndGlobal
